# THIS IS AN AUTOGENERATED FILE. DO NOT EDIT THIS FILE DIRECTLY.
# yarn lockfile v1


"@types/spark-md5@^3.0.2":
  version "3.0.2"
  resolved "https://registry.npmjs.org/@types/spark-md5/-/spark-md5-3.0.2.tgz#da2e8a778a20335fc4f40b6471c4b0d86b70da55"
  integrity sha512-82E/lVRaqelV9qmRzzJ1PKTpyrpnT7mwdneKNJB9hUtypZDMggloDfFUCIqRRx3lYRxteCwXSq9c+W71Vf0QnQ==

spark-md5@^3.0.1:
  version "3.0.1"
  resolved "https://registry.npmjs.org/spark-md5/-/spark-md5-3.0.1.tgz#83a0e255734f2ab4e5c466e5a2cfc9ba2aa2124d"
  integrity sha512-0tF3AGSD1ppQeuffsLDIOWlKUd3lS92tFxcsrh5Pe3ZphhnoK+oXIBTzOAThZCiuINZLvpiLH/1VS1/ANEJVig==

typescript@^4.3.4:
  version "4.3.4"
  resolved "https://registry.npmjs.org/typescript/-/typescript-4.3.4.tgz#3f85b986945bcf31071decdd96cf8bfa65f9dcbc"
  integrity sha512-uauPG7XZn9F/mo+7MrsRjyvbxFpzemRjKEZXS4AK83oP2KKOJPvb+9cO/gmnv8arWZvhnjVOXz7B49m1l0e9Ew==
